
Microsoft Visual Studio Solution File, Format Version 12.00
# Visual Studio 14
VisualStudioVersion = 14.0.24720.0
MinimumVisualStudioVersion = 10.0.40219.1
Project("{FAE04EC0-301F-11D3-BF4B-00C04F79EFBC}") = "BullsAndCows", "BullsAndCows\BullsAndCows.csproj", "{FD61AE16-98B1-4FF4-8BED-9D5CE10D9C01}"
EndProject
Project("{FAE04EC0-301F-11D3-BF4B-00C04F79EFBC}") = "BullsAndCows.Tests", "BullsAndCows.Tests\BullsAndCows.Tests.csproj", "{1D203F6B-D719-4AF6-B992-3A2A811C9AAA}"
EndProject
Global
	GlobalSection(SolutionConfigurationPlatforms) = preSolution
		Debug|Any CPU = Debug|Any CPU
		Release|Any CPU = Release|Any CPU
	EndGlobalSection
	GlobalSection(ProjectConfigurationPlatforms) = postSolution
		{FD61AE16-98B1-4FF4-8BED-9D5CE10D9C01}.Debug|Any CPU.ActiveCfg = Debug|Any CPU
		{FD61AE16-98B1-4FF4-8BED-9D5CE10D9C01}.Debug|Any CPU.Build.0 = Debug|Any CPU
		{FD61AE16-98B1-4FF4-8BED-9D5CE10D9C01}.Release|Any CPU.ActiveCfg = Release|Any CPU
		{FD61AE16-98B1-4FF4-8BED-9D5CE10D9C01}.Release|Any CPU.Build.0 = Release|Any CPU
		{1D203F6B-D719-4AF6-B992-3A2A811C9AAA}.Debug|Any CPU.ActiveCfg = Debug|Any CPU
		{1D203F6B-D719-4AF6-B992-3A2A811C9AAA}.Debug|Any CPU.Build.0 = Debug|Any CPU
		{1D203F6B-D719-4AF6-B992-3A2A811C9AAA}.Release|Any CPU.ActiveCfg = Release|Any CPU
		{1D203F6B-D719-4AF6-B992-3A2A811C9AAA}.Release|Any CPU.Build.0 = Release|Any CPU
	EndGlobalSection
	GlobalSection(SolutionProperties) = preSolution
		HideSolutionNode = FALSE
	EndGlobalSection
EndGlobal
